// !$*UTF8*$!
{
	archiveVersion = 1;
	classes = {
	};
	objectVersion = 50;
	objects = {

/* Begin PBXBuildFile section */
		18ABE96624D01A0100B48A75 /* EditorWindow.m in Sources */ = {isa = PBXBuildFile; fileRef = 18ABE96424D01A0100B48A75 /* EditorWindow.m */; };
		18ABE96724D01A0100B48A75 /* EditorWindow.xib in Resources */ = {isa = PBXBuildFile; fileRef = 18ABE96524D01A0100B48A75 /* EditorWindow.xib */; };
		18E5796D24C82863009513E0 /* AppDelegate.m in Sources */ = {isa = PBXBuildFile; fileRef = 18E5796C24C82863009513E0 /* AppDelegate.m */; };
		18E5797224C8286B009513E0 /* Assets.xcassets in Resources */ = {isa = PBXBuildFile; fileRef = 18E5797124C8286B009513E0 /* Assets.xcassets */; };
		18E5797524C8286B009513E0 /* Main.storyboard in Resources */ = {isa = PBXBuildFile; fileRef = 18E5797324C8286B009513E0 /* Main.storyboard */; };
		18E5797824C8286B009513E0 /* main.m in Sources */ = {isa = PBXBuildFile; fileRef = 18E5797724C8286B009513E0 /* main.m */; };
		18E5799C24C8289A009513E0 /* MainViewController.m in Sources */ = {isa = PBXBuildFile; fileRef = 18E5799924C8289A009513E0 /* MainViewController.m */; };
		18E579A124C82A95009513E0 /* PreviewWindow.m in Sources */ = {isa = PBXBuildFile; fileRef = 18E5799F24C82A95009513E0 /* PreviewWindow.m */; };
		18E579A224C82A95009513E0 /* PreviewWindow.xib in Resources */ = {isa = PBXBuildFile; fileRef = 18E579A024C82A95009513E0 /* PreviewWindow.xib */; };
		18E579A524C83076009513E0 /* OpenGL.framework in Frameworks */ = {isa = PBXBuildFile; fileRef = 18E579A424C83076009513E0 /* OpenGL.framework */; };
		18E579A724C8307E009513E0 /* AppKit.framework in Frameworks */ = {isa = PBXBuildFile; fileRef = 18E579A624C8307E009513E0 /* AppKit.framework */; };
		18E579A924C83087009513E0 /* AVFoundation.framework in Frameworks */ = {isa = PBXBuildFile; fileRef = 18E579A824C83087009513E0 /* AVFoundation.framework */; };
		18E579AB24C8308D009513E0 /* CoreFoundation.framework in Frameworks */ = {isa = PBXBuildFile; fileRef = 18E579AA24C8308D009513E0 /* CoreFoundation.framework */; };
		18E579AD24C83096009513E0 /* CoreGraphics.framework in Frameworks */ = {isa = PBXBuildFile; fileRef = 18E579AC24C83096009513E0 /* CoreGraphics.framework */; };
		18E579AF24C830C2009513E0 /* GLUT.framework in Frameworks */ = {isa = PBXBuildFile; fileRef = 18E579AE24C830C2009513E0 /* GLUT.framework */; };
		18E579B224C83170009513E0 /* OpenGLView.m in Sources */ = {isa = PBXBuildFile; fileRef = 18E579B124C83170009513E0 /* OpenGLView.m */; };
		18E579BB24C84590009513E0 /* OpenGLRenderer.mm in Sources */ = {isa = PBXBuildFile; fileRef = 18E579BA24C84590009513E0 /* OpenGLRenderer.mm */; };
		18E579C224C849E5009513E0 /* Shader3.frag in Resources */ = {isa = PBXBuildFile; fileRef = 18E579C024C849E5009513E0 /* Shader3.frag */; };
		18E579C324C849E5009513E0 /* Shader3.vs in Resources */ = {isa = PBXBuildFile; fileRef = 18E579C124C849E5009513E0 /* Shader3.vs */; };
		18E579C524C85202009513E0 /* test2.png in Resources */ = {isa = PBXBuildFile; fileRef = 18E579C424C85202009513E0 /* test2.png */; };
		18E579C724C92E9D009513E0 /* test.tiff in Resources */ = {isa = PBXBuildFile; fileRef = 18E579C624C92E9D009513E0 /* test.tiff */; };
		18E579C924C93292009513E0 /* CoreImage.framework in Frameworks */ = {isa = PBXBuildFile; fileRef = 18E579C824C93292009513E0 /* CoreImage.framework */; };
		18E579CB24C93EAE009513E0 /* add.png in Resources */ = {isa = PBXBuildFile; fileRef = 18E579CA24C93EAE009513E0 /* add.png */; };
		18E579CF24C96A5C009513E0 /* NSScrollView+NSSTools.m in Sources */ = {isa = PBXBuildFile; fileRef = 18E579CE24C96A5C009513E0 /* NSScrollView+NSSTools.m */; };
		18E579D324C97939009513E0 /* DragFileInButton.m in Sources */ = {isa = PBXBuildFile; fileRef = 18E579D224C97939009513E0 /* DragFileInButton.m */; };
		18E579D624C98AE0009513E0 /* DragFileInEditText.m in Sources */ = {isa = PBXBuildFile; fileRef = 18E579D524C98AE0009513E0 /* DragFileInEditText.m */; };
		18E579DA24C996F6009513E0 /* NSSettingWindow.m in Sources */ = {isa = PBXBuildFile; fileRef = 18E579D824C996F6009513E0 /* NSSettingWindow.m */; };
		18E579DB24C996F6009513E0 /* NSSettingWindow.xib in Resources */ = {isa = PBXBuildFile; fileRef = 18E579D924C996F6009513E0 /* NSSettingWindow.xib */; };
		18E579DE24C99874009513E0 /* SettingCellView.m in Sources */ = {isa = PBXBuildFile; fileRef = 18E579DD24C99874009513E0 /* SettingCellView.m */; };
		18E579E024C99C57009513E0 /* SettingCellView.xib in Resources */ = {isa = PBXBuildFile; fileRef = 18E579DF24C99C57009513E0 /* SettingCellView.xib */; };
/* End PBXBuildFile section */

/* Begin PBXFileReference section */
		18ABE96324D01A0100B48A75 /* EditorWindow.h */ = {isa = PBXFileReference; lastKnownFileType = sourcecode.c.h; path = EditorWindow.h; sourceTree = "<group>"; };
		18ABE96424D01A0100B48A75 /* EditorWindow.m */ = {isa = PBXFileReference; lastKnownFileType = sourcecode.c.objc; path = EditorWindow.m; sourceTree = "<group>"; };
		18ABE96524D01A0100B48A75 /* EditorWindow.xib */ = {isa = PBXFileReference; lastKnownFileType = file.xib; path = EditorWindow.xib; sourceTree = "<group>"; };
		18E5796824C82863009513E0 /* OpenGLESTool.app */ = {isa = PBXFileReference; explicitFileType = wrapper.application; includeInIndex = 0; path = OpenGLESTool.app; sourceTree = BUILT_PRODUCTS_DIR; };
		18E5796B24C82863009513E0 /* AppDelegate.h */ = {isa = PBXFileReference; lastKnownFileType = sourcecode.c.h; path = AppDelegate.h; sourceTree = "<group>"; };
		18E5796C24C82863009513E0 /* AppDelegate.m */ = {isa = PBXFileReference; lastKnownFileType = sourcecode.c.objc; path = AppDelegate.m; sourceTree = "<group>"; };
		18E5797124C8286B009513E0 /* Assets.xcassets */ = {isa = PBXFileReference; lastKnownFileType = folder.assetcatalog; path = Assets.xcassets; sourceTree = "<group>"; };
		18E5797424C8286B009513E0 /* Base */ = {isa = PBXFileReference; lastKnownFileType = file.storyboard; name = Base; path = Base.lproj/Main.storyboard; sourceTree = "<group>"; };
		18E5797624C8286B009513E0 /* Info.plist */ = {isa = PBXFileReference; lastKnownFileType = text.plist.xml; path = Info.plist; sourceTree = "<group>"; };
		18E5797724C8286B009513E0 /* main.m */ = {isa = PBXFileReference; lastKnownFileType = sourcecode.c.objc; path = main.m; sourceTree = "<group>"; };
		18E5797924C8286B009513E0 /* OpenGLESTool.entitlements */ = {isa = PBXFileReference; lastKnownFileType = text.plist.entitlements; path = OpenGLESTool.entitlements; sourceTree = "<group>"; };
		18E5799924C8289A009513E0 /* MainViewController.m */ = {isa = PBXFileReference; fileEncoding = 4; lastKnownFileType = sourcecode.c.objc; path = MainViewController.m; sourceTree = "<group>"; };
		18E5799A24C8289A009513E0 /* MainViewController.h */ = {isa = PBXFileReference; fileEncoding = 4; lastKnownFileType = sourcecode.c.h; path = MainViewController.h; sourceTree = "<group>"; };
		18E5799E24C82A95009513E0 /* PreviewWindow.h */ = {isa = PBXFileReference; lastKnownFileType = sourcecode.c.h; path = PreviewWindow.h; sourceTree = "<group>"; };
		18E5799F24C82A95009513E0 /* PreviewWindow.m */ = {isa = PBXFileReference; lastKnownFileType = sourcecode.c.objc; path = PreviewWindow.m; sourceTree = "<group>"; };
		18E579A024C82A95009513E0 /* PreviewWindow.xib */ = {isa = PBXFileReference; lastKnownFileType = file.xib; path = PreviewWindow.xib; sourceTree = "<group>"; };
		18E579A424C83076009513E0 /* OpenGL.framework */ = {isa = PBXFileReference; lastKnownFileType = wrapper.framework; name = OpenGL.framework; path = System/Library/Frameworks/OpenGL.framework; sourceTree = SDKROOT; };
		18E579A624C8307E009513E0 /* AppKit.framework */ = {isa = PBXFileReference; lastKnownFileType = wrapper.framework; name = AppKit.framework; path = System/Library/Frameworks/AppKit.framework; sourceTree = SDKROOT; };
		18E579A824C83087009513E0 /* AVFoundation.framework */ = {isa = PBXFileReference; lastKnownFileType = wrapper.framework; name = AVFoundation.framework; path = System/Library/Frameworks/AVFoundation.framework; sourceTree = SDKROOT; };
		18E579AA24C8308D009513E0 /* CoreFoundation.framework */ = {isa = PBXFileReference; lastKnownFileType = wrapper.framework; name = CoreFoundation.framework; path = System/Library/Frameworks/CoreFoundation.framework; sourceTree = SDKROOT; };
		18E579AC24C83096009513E0 /* CoreGraphics.framework */ = {isa = PBXFileReference; lastKnownFileType = wrapper.framework; name = CoreGraphics.framework; path = System/Library/Frameworks/CoreGraphics.framework; sourceTree = SDKROOT; };
		18E579AE24C830C2009513E0 /* GLUT.framework */ = {isa = PBXFileReference; lastKnownFileType = wrapper.framework; name = GLUT.framework; path = System/Library/Frameworks/GLUT.framework; sourceTree = SDKROOT; };
		18E579B024C83170009513E0 /* OpenGLView.h */ = {isa = PBXFileReference; lastKnownFileType = sourcecode.c.h; path = OpenGLView.h; sourceTree = "<group>"; };
		18E579B124C83170009513E0 /* OpenGLView.m */ = {isa = PBXFileReference; lastKnownFileType = sourcecode.c.objc; path = OpenGLView.m; sourceTree = "<group>"; };
		18E579B324C83322009513E0 /* MetalKit.framework */ = {isa = PBXFileReference; lastKnownFileType = wrapper.framework; name = MetalKit.framework; path = System/Library/Frameworks/MetalKit.framework; sourceTree = SDKROOT; };
		18E579B424C83322009513E0 /* Metal.framework */ = {isa = PBXFileReference; lastKnownFileType = wrapper.framework; name = Metal.framework; path = System/Library/Frameworks/Metal.framework; sourceTree = SDKROOT; };
		18E579B724C8451A009513E0 /* OpenGLRenderer.h */ = {isa = PBXFileReference; lastKnownFileType = sourcecode.c.h; path = OpenGLRenderer.h; sourceTree = "<group>"; };
		18E579BA24C84590009513E0 /* OpenGLRenderer.mm */ = {isa = PBXFileReference; fileEncoding = 4; lastKnownFileType = sourcecode.cpp.objcpp; path = OpenGLRenderer.mm; sourceTree = "<group>"; };
		18E579C024C849E5009513E0 /* Shader3.frag */ = {isa = PBXFileReference; fileEncoding = 4; lastKnownFileType = sourcecode.glsl; path = Shader3.frag; sourceTree = "<group>"; };
		18E579C124C849E5009513E0 /* Shader3.vs */ = {isa = PBXFileReference; fileEncoding = 4; lastKnownFileType = sourcecode.glsl; path = Shader3.vs; sourceTree = "<group>"; };
		18E579C424C85202009513E0 /* test2.png */ = {isa = PBXFileReference; lastKnownFileType = image.png; path = test2.png; sourceTree = "<group>"; };
		18E579C624C92E9D009513E0 /* test.tiff */ = {isa = PBXFileReference; lastKnownFileType = image.tiff; path = test.tiff; sourceTree = "<group>"; };
		18E579C824C93292009513E0 /* CoreImage.framework */ = {isa = PBXFileReference; lastKnownFileType = wrapper.framework; name = CoreImage.framework; path = System/Library/Frameworks/CoreImage.framework; sourceTree = SDKROOT; };
		18E579CA24C93EAE009513E0 /* add.png */ = {isa = PBXFileReference; lastKnownFileType = image.png; path = add.png; sourceTree = "<group>"; };
		18E579CD24C96A5C009513E0 /* NSScrollView+NSSTools.h */ = {isa = PBXFileReference; lastKnownFileType = sourcecode.c.h; path = "NSScrollView+NSSTools.h"; sourceTree = "<group>"; };
		18E579CE24C96A5C009513E0 /* NSScrollView+NSSTools.m */ = {isa = PBXFileReference; lastKnownFileType = sourcecode.c.objc; path = "NSScrollView+NSSTools.m"; sourceTree = "<group>"; };
		18E579D124C97938009513E0 /* DragFileInButton.h */ = {isa = PBXFileReference; lastKnownFileType = sourcecode.c.h; path = DragFileInButton.h; sourceTree = "<group>"; };
		18E579D224C97939009513E0 /* DragFileInButton.m */ = {isa = PBXFileReference; lastKnownFileType = sourcecode.c.objc; path = DragFileInButton.m; sourceTree = "<group>"; };
		18E579D424C98AE0009513E0 /* DragFileInEditText.h */ = {isa = PBXFileReference; lastKnownFileType = sourcecode.c.h; path = DragFileInEditText.h; sourceTree = "<group>"; };
		18E579D524C98AE0009513E0 /* DragFileInEditText.m */ = {isa = PBXFileReference; lastKnownFileType = sourcecode.c.objc; path = DragFileInEditText.m; sourceTree = "<group>"; };
		18E579D724C996F6009513E0 /* NSSettingWindow.h */ = {isa = PBXFileReference; lastKnownFileType = sourcecode.c.h; path = NSSettingWindow.h; sourceTree = "<group>"; };
		18E579D824C996F6009513E0 /* NSSettingWindow.m */ = {isa = PBXFileReference; lastKnownFileType = sourcecode.c.objc; path = NSSettingWindow.m; sourceTree = "<group>"; };
		18E579D924C996F6009513E0 /* NSSettingWindow.xib */ = {isa = PBXFileReference; lastKnownFileType = file.xib; path = NSSettingWindow.xib; sourceTree = "<group>"; };
		18E579DC24C99874009513E0 /* SettingCellView.h */ = {isa = PBXFileReference; lastKnownFileType = sourcecode.c.h; path = SettingCellView.h; sourceTree = "<group>"; };
		18E579DD24C99874009513E0 /* SettingCellView.m */ = {isa = PBXFileReference; lastKnownFileType = sourcecode.c.objc; path = SettingCellView.m; sourceTree = "<group>"; };
		18E579DF24C99C57009513E0 /* SettingCellView.xib */ = {isa = PBXFileReference; lastKnownFileType = file.xib; path = SettingCellView.xib; sourceTree = "<group>"; };
/* End PBXFileReference section */

/* Begin PBXFrameworksBuildPhase section */
		18E5796524C82863009513E0 /* Frameworks */ = {
			isa = PBXFrameworksBuildPhase;
			buildActionMask = 2147483647;
			files = (
				18E579AB24C8308D009513E0 /* CoreFoundation.framework in Frameworks */,
				18E579A524C83076009513E0 /* OpenGL.framework in Frameworks */,
				18E579C924C93292009513E0 /* CoreImage.framework in Frameworks */,
				18E579AF24C830C2009513E0 /* GLUT.framework in Frameworks */,
				18E579A724C8307E009513E0 /* AppKit.framework in Frameworks */,
				18E579AD24C83096009513E0 /* CoreGraphics.framework in Frameworks */,
				18E579A924C83087009513E0 /* AVFoundation.framework in Frameworks */,
			);
			runOnlyForDeploymentPostprocessing = 0;
		};
/* End PBXFrameworksBuildPhase section */

/* Begin PBXGroup section */
		18E5795F24C82863009513E0 = {
			isa = PBXGroup;
			children = (
				18E5796A24C82863009513E0 /* OpenGLESTool */,
				18E5796924C82863009513E0 /* Products */,
				18E579A324C83076009513E0 /* Frameworks */,
			);
			sourceTree = "<group>";
		};
		18E5796924C82863009513E0 /* Products */ = {
			isa = PBXGroup;
			children = (
				18E5796824C82863009513E0 /* OpenGLESTool.app */,
			);
			name = Products;
			sourceTree = "<group>";
		};
		18E5796A24C82863009513E0 /* OpenGLESTool */ = {
			isa = PBXGroup;
			children = (
				18E579BC24C8496D009513E0 /* resources */,
				18E5799724C8289A009513E0 /* Class */,
				18E5796B24C82863009513E0 /* AppDelegate.h */,
				18E5796C24C82863009513E0 /* AppDelegate.m */,
				18E5797124C8286B009513E0 /* Assets.xcassets */,
				18E5797324C8286B009513E0 /* Main.storyboard */,
				18E5797624C8286B009513E0 /* Info.plist */,
				18E5797724C8286B009513E0 /* main.m */,
				18E5797924C8286B009513E0 /* OpenGLESTool.entitlements */,
			);
			path = OpenGLESTool;
			sourceTree = "<group>";
		};
		18E5799724C8289A009513E0 /* Class */ = {
			isa = PBXGroup;
			children = (
				18E579D024C978D8009513E0 /* view */,
				18E579CC24C96A39009513E0 /* utils */,
				18E5799A24C8289A009513E0 /* MainViewController.h */,
				18E5799924C8289A009513E0 /* MainViewController.m */,
				18E5799E24C82A95009513E0 /* PreviewWindow.h */,
				18E5799F24C82A95009513E0 /* PreviewWindow.m */,
				18E579A024C82A95009513E0 /* PreviewWindow.xib */,
				18E579D724C996F6009513E0 /* NSSettingWindow.h */,
				18E579D824C996F6009513E0 /* NSSettingWindow.m */,
				18E579D924C996F6009513E0 /* NSSettingWindow.xib */,
				18ABE96324D01A0100B48A75 /* EditorWindow.h */,
				18ABE96424D01A0100B48A75 /* EditorWindow.m */,
				18ABE96524D01A0100B48A75 /* EditorWindow.xib */,
			);
			path = Class;
			sourceTree = "<group>";
		};
		18E579A324C83076009513E0 /* Frameworks */ = {
			isa = PBXGroup;
			children = (
				18E579C824C93292009513E0 /* CoreImage.framework */,
				18E579B424C83322009513E0 /* Metal.framework */,
				18E579B324C83322009513E0 /* MetalKit.framework */,
				18E579AE24C830C2009513E0 /* GLUT.framework */,
				18E579AC24C83096009513E0 /* CoreGraphics.framework */,
				18E579AA24C8308D009513E0 /* CoreFoundation.framework */,
				18E579A824C83087009513E0 /* AVFoundation.framework */,
				18E579A624C8307E009513E0 /* AppKit.framework */,
				18E579A424C83076009513E0 /* OpenGL.framework */,
			);
			name = Frameworks;
			sourceTree = "<group>";
		};
		18E579BC24C8496D009513E0 /* resources */ = {
			isa = PBXGroup;
			children = (
				18E579BF24C849E5009513E0 /* resources */,
			);
			path = resources;
			sourceTree = "<group>";
		};
		18E579BF24C849E5009513E0 /* resources */ = {
			isa = PBXGroup;
			children = (
				18E579CA24C93EAE009513E0 /* add.png */,
				18E579C624C92E9D009513E0 /* test.tiff */,
				18E579C424C85202009513E0 /* test2.png */,
				18E579C024C849E5009513E0 /* Shader3.frag */,
				18E579C124C849E5009513E0 /* Shader3.vs */,
			);
			name = resources;
			sourceTree = "<group>";
		};
		18E579CC24C96A39009513E0 /* utils */ = {
			isa = PBXGroup;
			children = (
				18E579CD24C96A5C009513E0 /* NSScrollView+NSSTools.h */,
				18E579CE24C96A5C009513E0 /* NSScrollView+NSSTools.m */,
			);
			path = utils;
			sourceTree = "<group>";
		};
		18E579D024C978D8009513E0 /* view */ = {
			isa = PBXGroup;
			children = (
				18E579B024C83170009513E0 /* OpenGLView.h */,
				18E579B124C83170009513E0 /* OpenGLView.m */,
				18E579B724C8451A009513E0 /* OpenGLRenderer.h */,
				18E579BA24C84590009513E0 /* OpenGLRenderer.mm */,
				18E579D124C97938009513E0 /* DragFileInButton.h */,
				18E579D224C97939009513E0 /* DragFileInButton.m */,
				18E579D424C98AE0009513E0 /* DragFileInEditText.h */,
				18E579D524C98AE0009513E0 /* DragFileInEditText.m */,
				18E579DC24C99874009513E0 /* SettingCellView.h */,
				18E579DD24C99874009513E0 /* SettingCellView.m */,
				18E579DF24C99C57009513E0 /* SettingCellView.xib */,
			);
			path = view;
			sourceTree = "<group>";
		};
/* End PBXGroup section */

/* Begin PBXNativeTarget section */
		18E5796724C82863009513E0 /* OpenGLESTool */ = {
			isa = PBXNativeTarget;
			buildConfigurationList = 18E5797C24C8286B009513E0 /* Build configuration list for PBXNativeTarget "OpenGLESTool" */;
			buildPhases = (
				18E5796424C82863009513E0 /* Sources */,
				18E5796524C82863009513E0 /* Frameworks */,
				18E5796624C82863009513E0 /* Resources */,
			);
			buildRules = (
			);
			dependencies = (
			);
			name = OpenGLESTool;
			productName = OpenGLESTool;
			productReference = 18E5796824C82863009513E0 /* OpenGLESTool.app */;
			productType = "com.apple.product-type.application";
		};
/* End PBXNativeTarget section */

/* Begin PBXProject section */
		18E5796024C82863009513E0 /* Project object */ = {
			isa = PBXProject;
			attributes = {
				LastUpgradeCheck = 1160;
				ORGANIZATIONNAME = apple;
				TargetAttributes = {
					18E5796724C82863009513E0 = {
						CreatedOnToolsVersion = 11.6;
					};
				};
			};
			buildConfigurationList = 18E5796324C82863009513E0 /* Build configuration list for PBXProject "OpenGLESTool" */;
			compatibilityVersion = "Xcode 9.3";
			developmentRegion = en;
			hasScannedForEncodings = 0;
			knownRegions = (
				en,
				Base,
			);
			mainGroup = 18E5795F24C82863009513E0;
			productRefGroup = 18E5796924C82863009513E0 /* Products */;
			projectDirPath = "";
			projectRoot = "";
			targets = (
				18E5796724C82863009513E0 /* OpenGLESTool */,
			);
		};
/* End PBXProject section */

/* Begin PBXResourcesBuildPhase section */
		18E5796624C82863009513E0 /* Resources */ = {
			isa = PBXResourcesBuildPhase;
			buildActionMask = 2147483647;
			files = (
				18E579CB24C93EAE009513E0 /* add.png in Resources */,
				18E579C224C849E5009513E0 /* Shader3.frag in Resources */,
				18E5797224C8286B009513E0 /* Assets.xcassets in Resources */,
				18ABE96724D01A0100B48A75 /* EditorWindow.xib in Resources */,
				18E579E024C99C57009513E0 /* SettingCellView.xib in Resources */,
				18E579C724C92E9D009513E0 /* test.tiff in Resources */,
				18E5797524C8286B009513E0 /* Main.storyboard in Resources */,
				18E579A224C82A95009513E0 /* PreviewWindow.xib in Resources */,
				18E579C324C849E5009513E0 /* Shader3.vs in Resources */,
				18E579C524C85202009513E0 /* test2.png in Resources */,
				18E579DB24C996F6009513E0 /* NSSettingWindow.xib in Resources */,
			);
			runOnlyForDeploymentPostprocessing = 0;
		};
/* End PBXResourcesBuildPhase section */

/* Begin PBXSourcesBuildPhase section */
		18E5796424C82863009513E0 /* Sources */ = {
			isa = PBXSourcesBuildPhase;
			buildActionMask = 2147483647;
			files = (
				18ABE96624D01A0100B48A75 /* EditorWindow.m in Sources */,
				18E579A124C82A95009513E0 /* PreviewWindow.m in Sources */,
				18E579CF24C96A5C009513E0 /* NSScrollView+NSSTools.m in Sources */,
				18E5797824C8286B009513E0 /* main.m in Sources */,
				18E579DE24C99874009513E0 /* SettingCellView.m in Sources */,
				18E5796D24C82863009513E0 /* AppDelegate.m in Sources */,
				18E5799C24C8289A009513E0 /* MainViewController.m in Sources */,
				18E579DA24C996F6009513E0 /* NSSettingWindow.m in Sources */,
				18E579B224C83170009513E0 /* OpenGLView.m in Sources */,
				18E579D324C97939009513E0 /* DragFileInButton.m in Sources */,
				18E579D624C98AE0009513E0 /* DragFileInEditText.m in Sources */,
				18E579BB24C84590009513E0 /* OpenGLRenderer.mm in Sources */,
			);
			runOnlyForDeploymentPostprocessing = 0;
		};
/* End PBXSourcesBuildPhase section */

/* Begin PBXVariantGroup section */
		18E5797324C8286B009513E0 /* Main.storyboard */ = {
			isa = PBXVariantGroup;
			children = (
				18E5797424C8286B009513E0 /* Base */,
			);
			name = Main.storyboard;
			sourceTree = "<group>";
		};
/* End PBXVariantGroup section */

/* Begin XCBuildConfiguration section */
		18E5797A24C8286B009513E0 /* Debug */ = {
			isa = XCBuildConfiguration;
			buildSettings = {
				ALWAYS_SEARCH_USER_PATHS = NO;
				CLANG_ANALYZER_NONNULL = YES;
				CLANG_ANALYZER_NUMBER_OBJECT_CONVERSION = YES_AGGRESSIVE;
				CLANG_CXX_LANGUAGE_STANDARD = "gnu++14";
				CLANG_CXX_LIBRARY = "libc++";
				CLANG_ENABLE_MODULES = YES;
				CLANG_ENABLE_OBJC_ARC = YES;
				CLANG_ENABLE_OBJC_WEAK = YES;
				CLANG_WARN_BLOCK_CAPTURE_AUTORELEASING = YES;
				CLANG_WARN_BOOL_CONVERSION = YES;
				CLANG_WARN_COMMA = YES;
				CLANG_WARN_CONSTANT_CONVERSION = YES;
				CLANG_WARN_DEPRECATED_OBJC_IMPLEMENTATIONS = YES;
				CLANG_WARN_DIRECT_OBJC_ISA_USAGE = YES_ERROR;
				CLANG_WARN_DOCUMENTATION_COMMENTS = YES;
				CLANG_WARN_EMPTY_BODY = YES;
				CLANG_WARN_ENUM_CONVERSION = YES;
				CLANG_WARN_INFINITE_RECURSION = YES;
				CLANG_WARN_INT_CONVERSION = YES;
				CLANG_WARN_NON_LITERAL_NULL_CONVERSION = YES;
				CLANG_WARN_OBJC_IMPLICIT_RETAIN_SELF = YES;
				CLANG_WARN_OBJC_LITERAL_CONVERSION = YES;
				CLANG_WARN_OBJC_ROOT_CLASS = YES_ERROR;
				CLANG_WARN_RANGE_LOOP_ANALYSIS = YES;
				CLANG_WARN_STRICT_PROTOTYPES = YES;
				CLANG_WARN_SUSPICIOUS_MOVE = YES;
				CLANG_WARN_UNGUARDED_AVAILABILITY = YES_AGGRESSIVE;
				CLANG_WARN_UNREACHABLE_CODE = YES;
				CLANG_WARN__DUPLICATE_METHOD_MATCH = YES;
				COPY_PHASE_STRIP = NO;
				DEBUG_INFORMATION_FORMAT = dwarf;
				ENABLE_STRICT_OBJC_MSGSEND = YES;
				ENABLE_TESTABILITY = YES;
				GCC_C_LANGUAGE_STANDARD = gnu11;
				GCC_DYNAMIC_NO_PIC = NO;
				GCC_NO_COMMON_BLOCKS = YES;
				GCC_OPTIMIZATION_LEVEL = 0;
				GCC_PREPROCESSOR_DEFINITIONS = (
					"DEBUG=1",
					"$(inherited)",
				);
				GCC_WARN_64_TO_32_BIT_CONVERSION = YES;
				GCC_WARN_ABOUT_RETURN_TYPE = YES_ERROR;
				GCC_WARN_UNDECLARED_SELECTOR = YES;
				GCC_WARN_UNINITIALIZED_AUTOS = YES_AGGRESSIVE;
				GCC_WARN_UNUSED_FUNCTION = YES;
				GCC_WARN_UNUSED_VARIABLE = YES;
				MACOSX_DEPLOYMENT_TARGET = 10.15;
				MTL_ENABLE_DEBUG_INFO = INCLUDE_SOURCE;
				MTL_FAST_MATH = YES;
				ONLY_ACTIVE_ARCH = YES;
				SDKROOT = macosx;
			};
			name = Debug;
		};
		18E5797B24C8286B009513E0 /* Release */ = {
			isa = XCBuildConfiguration;
			buildSettings = {
				ALWAYS_SEARCH_USER_PATHS = NO;
				CLANG_ANALYZER_NONNULL = YES;
				CLANG_ANALYZER_NUMBER_OBJECT_CONVERSION = YES_AGGRESSIVE;
				CLANG_CXX_LANGUAGE_STANDARD = "gnu++14";
				CLANG_CXX_LIBRARY = "libc++";
				CLANG_ENABLE_MODULES = YES;
				CLANG_ENABLE_OBJC_ARC = YES;
				CLANG_ENABLE_OBJC_WEAK = YES;
				CLANG_WARN_BLOCK_CAPTURE_AUTORELEASING = YES;
				CLANG_WARN_BOOL_CONVERSION = YES;
				CLANG_WARN_COMMA = YES;
				CLANG_WARN_CONSTANT_CONVERSION = YES;
				CLANG_WARN_DEPRECATED_OBJC_IMPLEMENTATIONS = YES;
				CLANG_WARN_DIRECT_OBJC_ISA_USAGE = YES_ERROR;
				CLANG_WARN_DOCUMENTATION_COMMENTS = YES;
				CLANG_WARN_EMPTY_BODY = YES;
				CLANG_WARN_ENUM_CONVERSION = YES;
				CLANG_WARN_INFINITE_RECURSION = YES;
				CLANG_WARN_INT_CONVERSION = YES;
				CLANG_WARN_NON_LITERAL_NULL_CONVERSION = YES;
				CLANG_WARN_OBJC_IMPLICIT_RETAIN_SELF = YES;
				CLANG_WARN_OBJC_LITERAL_CONVERSION = YES;
				CLANG_WARN_OBJC_ROOT_CLASS = YES_ERROR;
				CLANG_WARN_RANGE_LOOP_ANALYSIS = YES;
				CLANG_WARN_STRICT_PROTOTYPES = YES;
				CLANG_WARN_SUSPICIOUS_MOVE = YES;
				CLANG_WARN_UNGUARDED_AVAILABILITY = YES_AGGRESSIVE;
				CLANG_WARN_UNREACHABLE_CODE = YES;
				CLANG_WARN__DUPLICATE_METHOD_MATCH = YES;
				COPY_PHASE_STRIP = NO;
				DEBUG_INFORMATION_FORMAT = "dwarf-with-dsym";
				ENABLE_NS_ASSERTIONS = NO;
				ENABLE_STRICT_OBJC_MSGSEND = YES;
				GCC_C_LANGUAGE_STANDARD = gnu11;
				GCC_NO_COMMON_BLOCKS = YES;
				GCC_WARN_64_TO_32_BIT_CONVERSION = YES;
				GCC_WARN_ABOUT_RETURN_TYPE = YES_ERROR;
				GCC_WARN_UNDECLARED_SELECTOR = YES;
				GCC_WARN_UNINITIALIZED_AUTOS = YES_AGGRESSIVE;
				GCC_WARN_UNUSED_FUNCTION = YES;
				GCC_WARN_UNUSED_VARIABLE = YES;
				MACOSX_DEPLOYMENT_TARGET = 10.15;
				MTL_ENABLE_DEBUG_INFO = NO;
				MTL_FAST_MATH = YES;
				SDKROOT = macosx;
			};
			name = Release;
		};
		18E5797D24C8286B009513E0 /* Debug */ = {
			isa = XCBuildConfiguration;
			buildSettings = {
				ASSETCATALOG_COMPILER_APPICON_NAME = AppIcon;
				CODE_SIGN_ENTITLEMENTS = OpenGLESTool/OpenGLESTool.entitlements;
				CODE_SIGN_STYLE = Automatic;
				COMBINE_HIDPI_IMAGES = YES;
				INFOPLIST_FILE = OpenGLESTool/Info.plist;
				LD_RUNPATH_SEARCH_PATHS = (
					"$(inherited)",
					"@executable_path/../Frameworks",
				);
				PRODUCT_BUNDLE_IDENTIFIER = com.yrs.OpenGLESTool;
				PRODUCT_NAME = "$(TARGET_NAME)";
			};
			name = Debug;
		};
		18E5797E24C8286B009513E0 /* Release */ = {
			isa = XCBuildConfiguration;
			buildSettings = {
				ASSETCATALOG_COMPILER_APPICON_NAME = AppIcon;
				CODE_SIGN_ENTITLEMENTS = OpenGLESTool/OpenGLESTool.entitlements;
				CODE_SIGN_STYLE = Automatic;
				COMBINE_HIDPI_IMAGES = YES;
				INFOPLIST_FILE = OpenGLESTool/Info.plist;
				LD_RUNPATH_SEARCH_PATHS = (
					"$(inherited)",
					"@executable_path/../Frameworks",
				);
				PRODUCT_BUNDLE_IDENTIFIER = com.yrs.OpenGLESTool;
				PRODUCT_NAME = "$(TARGET_NAME)";
			};
			name = Release;
		};
/* End XCBuildConfiguration section */

/* Begin XCConfigurationList section */
		18E5796324C82863009513E0 /* Build configuration list for PBXProject "OpenGLESTool" */ = {
			isa = XCConfigurationList;
			buildConfigurations = (
				18E5797A24C8286B009513E0 /* Debug */,
				18E5797B24C8286B009513E0 /* Release */,
			);
			defaultConfigurationIsVisible = 0;
			defaultConfigurationName = Release;
		};
		18E5797C24C8286B009513E0 /* Build configuration list for PBXNativeTarget "OpenGLESTool" */ = {
			isa = XCConfigurationList;
			buildConfigurations = (
				18E5797D24C8286B009513E0 /* Debug */,
				18E5797E24C8286B009513E0 /* Release */,
			);
			defaultConfigurationIsVisible = 0;
			defaultConfigurationName = Release;
		};
/* End XCConfigurationList section */
	};
	rootObject = 18E5796024C82863009513E0 /* Project object */;
}
